{
  "version": 4,
  "terraform_version": "0.12.26",
  "serial": 177,
  "lineage": "6d4184b5-48f4-cafe-eea2-477b5dcb258c",
  "outputs": {},
  "resources": [
    {
      "mode": "managed",
      "type": "aws_default_vpc",
      "name": "main",
      "provider": "provider.aws",
      "instances": [
        {
          "schema_version": 1,
          "attributes": {
            "arn": "arn:aws:ec2:ap-south-1:341317142259:vpc/vpc-a4edf0cc",
            "assign_generated_ipv6_cidr_block": false,
            "cidr_block": "172.31.0.0/16",
            "default_network_acl_id": "acl-803efaeb",
            "default_route_table_id": "rtb-978153fc",
            "default_security_group_id": "sg-be6c1cdc",
            "dhcp_options_id": "dopt-5170883a",
            "enable_classiclink": null,
            "enable_classiclink_dns_support": null,
            "enable_dns_hostnames": true,
            "enable_dns_support": true,
            "id": "vpc-a4edf0cc",
            "instance_tenancy": "default",
            "ipv6_association_id": "",
            "ipv6_cidr_block": "",
            "main_route_table_id": "rtb-978153fc",
            "owner_id": "341317142259",
            "tags": {
              "Name": "Default VPC"
            }
          },
          "private": "eyJzY2hlbWFfdmVyc2lvbiI6IjEifQ=="
        }
      ]
    },
    {
      "mode": "managed",
      "type": "aws_ebs_volume",
      "name": "Terra_EBS3",
      "provider": "provider.aws",
      "instances": [
        {
          "schema_version": 0,
          "attributes": {
            "arn": "arn:aws:ec2:ap-south-1:341317142259:volume/vol-0ad65d24a639fd094",
            "availability_zone": "ap-south-1b",
            "encrypted": false,
            "id": "vol-0ad65d24a639fd094",
            "iops": 100,
            "kms_key_id": "",
            "multi_attach_enabled": false,
            "outpost_arn": "",
            "size": 1,
            "snapshot_id": "",
            "tags": {
              "Name": "Terra_EBS_D3"
            },
            "type": "gp2"
          },
          "private": "bnVsbA==",
          "dependencies": [
            "aws_default_vpc.main",
            "aws_instance.TerraformAMI_Assignment1",
            "aws_key_pair.Tf_Public_Key",
            "aws_security_group.allow_http",
            "tls_private_key.Tf_Private_Key"
          ]
        }
      ]
    },
    {
      "mode": "managed",
      "type": "aws_instance",
      "name": "TerraformAMI_Assignment1",
      "provider": "provider.aws",
      "instances": [
        {
          "schema_version": 1,
          "attributes": {
            "ami": "ami-0447a12f28fddb066",
            "arn": "arn:aws:ec2:ap-south-1:341317142259:instance/i-0007508104ab31cb6",
            "associate_public_ip_address": true,
            "availability_zone": "ap-south-1b",
            "cpu_core_count": 1,
            "cpu_threads_per_core": 1,
            "credit_specification": [
              {
                "cpu_credits": "standard"
              }
            ],
            "disable_api_termination": false,
            "ebs_block_device": [
              {
                "delete_on_termination": false,
                "device_name": "/dev/sdh",
                "encrypted": false,
                "iops": 100,
                "kms_key_id": "",
                "snapshot_id": "",
                "volume_id": "vol-0ad65d24a639fd094",
                "volume_size": 1,
                "volume_type": "gp2"
              }
            ],
            "ebs_optimized": false,
            "ephemeral_block_device": [],
            "get_password_data": false,
            "hibernation": false,
            "host_id": null,
            "iam_instance_profile": "",
            "id": "i-0007508104ab31cb6",
            "instance_initiated_shutdown_behavior": null,
            "instance_state": "running",
            "instance_type": "t2.micro",
            "ipv6_address_count": 0,
            "ipv6_addresses": [],
            "key_name": "Tf_Public_Key",
            "metadata_options": [
              {
                "http_endpoint": "enabled",
                "http_put_response_hop_limit": 1,
                "http_tokens": "optional"
              }
            ],
            "monitoring": false,
            "network_interface": [],
            "network_interface_id": null,
            "outpost_arn": "",
            "password_data": "",
            "placement_group": "",
            "primary_network_interface_id": "eni-0f78a2c4dcc9d54cf",
            "private_dns": "ip-172-31-11-135.ap-south-1.compute.internal",
            "private_ip": "172.31.11.135",
            "public_dns": "ec2-15-206-89-77.ap-south-1.compute.amazonaws.com",
            "public_ip": "15.206.89.77",
            "root_block_device": [
              {
                "delete_on_termination": true,
                "device_name": "/dev/xvda",
                "encrypted": false,
                "iops": 100,
                "kms_key_id": "",
                "volume_id": "vol-06c0fa3adab07dff7",
                "volume_size": 8,
                "volume_type": "gp2"
              }
            ],
            "security_groups": [
              "Allow_HTTP"
            ],
            "source_dest_check": true,
            "subnet_id": "subnet-183f5454",
            "tags": {
              "Name": "TerraformAMI_Assignment1"
            },
            "tenancy": "default",
            "timeouts": null,
            "user_data": null,
            "user_data_base64": null,
            "volume_tags": {
              "Name": "Terra_EBS_D3"
            },
            "vpc_security_group_ids": [
              "sg-0ed790337963a74a0"
            ]
          },
          "private": "eyJlMmJmYjczMC1lY2FhLTExZTYtOGY4OC0zNDM2M2JjN2M0YzAiOnsiY3JlYXRlIjo2MDAwMDAwMDAwMDAsImRlbGV0ZSI6MTIwMDAwMDAwMDAwMCwidXBkYXRlIjo2MDAwMDAwMDAwMDB9LCJzY2hlbWFfdmVyc2lvbiI6IjEifQ==",
          "dependencies": [
            "aws_default_vpc.main",
            "aws_key_pair.Tf_Public_Key",
            "aws_security_group.allow_http",
            "tls_private_key.Tf_Private_Key"
          ]
        }
      ]
    },
    {
      "mode": "managed",
      "type": "aws_key_pair",
      "name": "Tf_Public_Key",
      "provider": "provider.aws",
      "instances": [
        {
          "schema_version": 1,
          "attributes": {
            "fingerprint": "2a:c4:59:61:c0:95:67:d1:26:96:af:1d:2b:cb:bb:58",
            "id": "Tf_Public_Key",
            "key_name": "Tf_Public_Key",
            "key_name_prefix": null,
            "key_pair_id": "key-080bc5d8ad39d3144",
            "public_key": "ssh-rsa AAAAB3NzaC1yc2EAAAADAQABAAABAQCgtSjC1x2jJSYY7D8RMHvbbo7oIaGgi21iLIAvcSM179a68xzV/shAlRw4HlC3TCTKyLc+0H9PxxvFE8tl1BR8KRKHuCPhy1Ktz9192+ibeLsElp0SAaGXwXC69LVfr9WMwFa4roIoWvBHYjp5BuNbNyuYIsFAnEcM4CDu+4WbSQSamGme7kCXJdVZHx27KzSVT1cnHrmfuIDwVkxSIrsES7Zim9zcGSlxXXS72gkj04NvEtxBNjghOiN+QOsEiuvA78A31RHdNkNrj33de6Htfu0GpuCwVJRrSE2fURNMUu1HpkBmuUfYEnjWxuamFWnwTPIvK5Yg+d/teznMDy33",
            "tags": {}
          },
          "private": "eyJzY2hlbWFfdmVyc2lvbiI6IjEifQ==",
          "dependencies": [
            "tls_private_key.Tf_Private_Key"
          ]
        }
      ]
    },
    {
      "mode": "managed",
      "type": "aws_s3_bucket",
      "name": "Bucket_Provisioning",
      "provider": "provider.aws",
      "instances": [
        {
          "schema_version": 0,
          "attributes": {
            "acceleration_status": "",
            "acl": "public-read",
            "arn": "arn:aws:s3:::ankitjnyadav-tf-github-bucket",
            "bucket": "ankitjnyadav-tf-github-bucket",
            "bucket_domain_name": "ankitjnyadav-tf-github-bucket.s3.amazonaws.com",
            "bucket_prefix": null,
            "bucket_regional_domain_name": "ankitjnyadav-tf-github-bucket.s3.ap-south-1.amazonaws.com",
            "cors_rule": [],
            "force_destroy": false,
            "grant": [],
            "hosted_zone_id": "Z11RGJOFQNVJUP",
            "id": "ankitjnyadav-tf-github-bucket",
            "lifecycle_rule": [],
            "logging": [],
            "object_lock_configuration": [],
            "policy": null,
            "region": "ap-south-1",
            "replication_configuration": [],
            "request_payer": "BucketOwner",
            "server_side_encryption_configuration": [],
            "tags": {
              "Environment": "Dev",
              "Name": "ankitjnyadav-tf-github-bucket"
            },
            "versioning": [
              {
                "enabled": false,
                "mfa_delete": false
              }
            ],
            "website": [],
            "website_domain": null,
            "website_endpoint": null
          },
          "private": "bnVsbA=="
        }
      ]
    },
    {
      "mode": "managed",
      "type": "aws_security_group",
      "name": "allow_http",
      "provider": "provider.aws",
      "instances": [
        {
          "schema_version": 1,
          "attributes": {
            "arn": "arn:aws:ec2:ap-south-1:341317142259:security-group/sg-0ed790337963a74a0",
            "description": "Allow HTTP inbound traffic",
            "egress": [
              {
                "cidr_blocks": [
                  "0.0.0.0/0"
                ],
                "description": "",
                "from_port": 0,
                "ipv6_cidr_blocks": [],
                "prefix_list_ids": [],
                "protocol": "-1",
                "security_groups": [],
                "self": false,
                "to_port": 0
              }
            ],
            "id": "sg-0ed790337963a74a0",
            "ingress": [
              {
                "cidr_blocks": [
                  "0.0.0.0/0"
                ],
                "description": "HTTP",
                "from_port": 80,
                "ipv6_cidr_blocks": [],
                "prefix_list_ids": [],
                "protocol": "tcp",
                "security_groups": [],
                "self": false,
                "to_port": 80
              },
              {
                "cidr_blocks": [
                  "0.0.0.0/0"
                ],
                "description": "SSH",
                "from_port": 22,
                "ipv6_cidr_blocks": [],
                "prefix_list_ids": [],
                "protocol": "tcp",
                "security_groups": [],
                "self": false,
                "to_port": 22
              }
            ],
            "name": "Allow_HTTP",
            "name_prefix": null,
            "owner_id": "341317142259",
            "revoke_rules_on_delete": false,
            "tags": {
              "Name": "allow_http"
            },
            "timeouts": null,
            "vpc_id": "vpc-a4edf0cc"
          },
          "private": "eyJlMmJmYjczMC1lY2FhLTExZTYtOGY4OC0zNDM2M2JjN2M0YzAiOnsiY3JlYXRlIjo2MDAwMDAwMDAwMDAsImRlbGV0ZSI6NjAwMDAwMDAwMDAwfSwic2NoZW1hX3ZlcnNpb24iOiIxIn0=",
          "dependencies": [
            "aws_default_vpc.main"
          ]
        }
      ]
    },
    {
      "mode": "managed",
      "type": "aws_volume_attachment",
      "name": "ebs_att",
      "provider": "provider.aws",
      "instances": [
        {
          "schema_version": 0,
          "attributes": {
            "device_name": "/dev/sdh",
            "force_detach": true,
            "id": "vai-137454512",
            "instance_id": "i-0007508104ab31cb6",
            "skip_destroy": null,
            "volume_id": "vol-0ad65d24a639fd094"
          },
          "private": "bnVsbA==",
          "dependencies": [
            "aws_default_vpc.main",
            "aws_ebs_volume.Terra_EBS3",
            "aws_instance.TerraformAMI_Assignment1",
            "aws_key_pair.Tf_Public_Key",
            "aws_security_group.allow_http",
            "tls_private_key.Tf_Private_Key"
          ]
        }
      ]
    },
    {
      "mode": "managed",
      "type": "local_file",
      "name": "key-file",
      "provider": "provider.local",
      "instances": [
        {
          "schema_version": 0,
          "attributes": {
            "content": "-----BEGIN RSA PRIVATE KEY-----\nMIIEpAIBAAKCAQEAoLUowtcdoyUmGOw/ETB7226O6CGhoIttYiyAL3EjNe/WuvMc\n1f7IQJUcOB5Qt0wkysi3PtB/T8cbxRPLZdQUfCkSh7gj4ctSrc/dfdvom3i7BJad\nEgGhl8FwuvS1X6/VjMBWuK6CKFrwR2I6eQbjWzcrmCLBQJxHDOAg7vuFm0kEmphp\nnu5AlyXVWR8duys0lU9XJx65n7iA8FZMUiK7BEu2Ypvc3BkpcV10u9oJI9ODbxLc\nQTY4ITojfkDrBIrrwO/AN9UR3TZDa4993Xuh7X7tBqbgsFSUa0hNn1ETTFLtR6ZA\nZrlH2BJ41sbmphVp8EzyLyuWIPnf7Xs5zA8t9wIDAQABAoIBAGtaeP8m+ipYj4mI\nj1ypOaPMx/PzO2fmm8xAE+UdO7s1GwlJi9K73wOdV/t47Mx1NgKscBSq7NDbHgbZ\ngT7lnEWQnktBS97ylql7OOdxdoIc9TlMb2Ju6oZYdzi8bUidShc7CPNXx6Szktzs\nlkjwvAHb6eg4F0ZU3vWP5xAdvxOKdRlSmOTaC9/r2xd+ZPjp2c88m6E4BvQk9PAw\n4Hn2wleWL8h5BX5G2j1Dx9vWmTTjyQ7LVi3qJCujIE/JAsWSpvXD6w49YapkH2y9\nfTHvHW7T4qcXoFoP3bkT0SnMX0LtJAyNIdEuSxk6zvXuTtlW5G7gbk7ttKR6B9yY\nwcxmiqkCgYEA1J0/zGI+TWImk580gP0IRr5BNMGWU0eVBqoMtT5C2H/Zss6gI64o\nyuIjXof1cNgkA3IOwE/qOEe7VASso7DkqwydxUStp64MnI5xqQvuZTXtF3wQTrsb\ni9YGdUmjWnD8TCi9dcV5QHHpvR6mNcuvuCUiGr3QUaV/sWsTGFQDtOMCgYEAwYBc\nwkRZExUMMoJEr2yBcdYa//AgrkSnsjecdq7hTdLjHvtPiVm/LT8TCrnnjDM2rZoJ\nvxB932ieScJrmAx+cgIs3e1wN6UpZUXFSz2f1gpMia/h2VRABcnJ2JUglFHNNkgr\nKjlNqexBd6HCXYEQ0ZCR39Z46UhoGtujBOWYwt0CgYEAiIw9bxwhez1wHRsAc18O\ns7B43FMAIpg0g8UuyDAmajkiLY46lu/BTxuRL6MN5N1Ls9LK2oP4nxCipMEjxzVS\nhvBhW1JSXQCRJPLu2GzLPME3df+90XKlrFdWanlSqkEqKBd6JmsfBl6iiU1n3eDl\nB9UBZD9HzUgHDIECEHvUrZUCgYEAp0eg6RDNMIHxmXikiEL1ZMQDc17T4dPYZWlO\nCgwFGpJFZnM7vzGm5Cay/4LXeYyMqGeSJWrMZma68GjzOu8SIN1gjDrH2FMgBjza\n4sDTfOZKZH14cbkz380igenp0E8naNXa+xWu3kcwEYv1y3/YWlLwyOFQhdvio9Vc\niM8z0MECgYBcBin53dkFT8WF3GzGNnQB9u4/SD2IG6MoKl44DC/ruOSEq8ArDue3\nmE/trUG/8tkzllVQoTWeLdUn2Eunq6klYBW/DnGaNvaNEMvI066YS5pljTpGdN/b\nR5hPIc2N2Mo3gWgOvxTgFEKqOh8IxD0Mi6WIxK2FF3cQqllOf2x+Jg==\n-----END RSA PRIVATE KEY-----\n",
            "content_base64": null,
            "directory_permission": "0777",
            "file_permission": "0777",
            "filename": "Tf_Private_Key.pem",
            "id": "b460731197595fefa28cb08b7384cc238585bd57",
            "sensitive_content": null
          },
          "private": "bnVsbA==",
          "dependencies": [
            "tls_private_key.Tf_Private_Key"
          ]
        }
      ]
    },
    {
      "mode": "managed",
      "type": "null_resource",
      "name": "MyPublicIpRedirection",
      "provider": "provider.null",
      "instances": [
        {
          "schema_version": 0,
          "attributes": {
            "id": "297113414939584575",
            "triggers": null
          },
          "dependencies": [
            "aws_default_vpc.main",
            "aws_instance.TerraformAMI_Assignment1",
            "aws_key_pair.Tf_Public_Key",
            "aws_security_group.allow_http",
            "tls_private_key.Tf_Private_Key"
          ]
        }
      ]
    },
    {
      "mode": "managed",
      "type": "null_resource",
      "name": "OpenTheWebSite1",
      "provider": "provider.null",
      "instances": [
        {
          "schema_version": 0,
          "attributes": {
            "id": "421417306709472158",
            "triggers": null
          },
          "dependencies": [
            "aws_default_vpc.main",
            "aws_ebs_volume.Terra_EBS3",
            "aws_instance.TerraformAMI_Assignment1",
            "aws_key_pair.Tf_Public_Key",
            "aws_security_group.allow_http",
            "aws_volume_attachment.ebs_att",
            "tls_private_key.Tf_Private_Key"
          ]
        }
      ]
    },
    {
      "mode": "managed",
      "type": "tls_private_key",
      "name": "Tf_Private_Key",
      "provider": "provider.tls",
      "instances": [
        {
          "schema_version": 0,
          "attributes": {
            "algorithm": "RSA",
            "ecdsa_curve": "P224",
            "id": "f2e306045b53b0910f9df2906caf738108a929f2",
            "private_key_pem": "-----BEGIN RSA PRIVATE KEY-----\nMIIEpAIBAAKCAQEAoLUowtcdoyUmGOw/ETB7226O6CGhoIttYiyAL3EjNe/WuvMc\n1f7IQJUcOB5Qt0wkysi3PtB/T8cbxRPLZdQUfCkSh7gj4ctSrc/dfdvom3i7BJad\nEgGhl8FwuvS1X6/VjMBWuK6CKFrwR2I6eQbjWzcrmCLBQJxHDOAg7vuFm0kEmphp\nnu5AlyXVWR8duys0lU9XJx65n7iA8FZMUiK7BEu2Ypvc3BkpcV10u9oJI9ODbxLc\nQTY4ITojfkDrBIrrwO/AN9UR3TZDa4993Xuh7X7tBqbgsFSUa0hNn1ETTFLtR6ZA\nZrlH2BJ41sbmphVp8EzyLyuWIPnf7Xs5zA8t9wIDAQABAoIBAGtaeP8m+ipYj4mI\nj1ypOaPMx/PzO2fmm8xAE+UdO7s1GwlJi9K73wOdV/t47Mx1NgKscBSq7NDbHgbZ\ngT7lnEWQnktBS97ylql7OOdxdoIc9TlMb2Ju6oZYdzi8bUidShc7CPNXx6Szktzs\nlkjwvAHb6eg4F0ZU3vWP5xAdvxOKdRlSmOTaC9/r2xd+ZPjp2c88m6E4BvQk9PAw\n4Hn2wleWL8h5BX5G2j1Dx9vWmTTjyQ7LVi3qJCujIE/JAsWSpvXD6w49YapkH2y9\nfTHvHW7T4qcXoFoP3bkT0SnMX0LtJAyNIdEuSxk6zvXuTtlW5G7gbk7ttKR6B9yY\nwcxmiqkCgYEA1J0/zGI+TWImk580gP0IRr5BNMGWU0eVBqoMtT5C2H/Zss6gI64o\nyuIjXof1cNgkA3IOwE/qOEe7VASso7DkqwydxUStp64MnI5xqQvuZTXtF3wQTrsb\ni9YGdUmjWnD8TCi9dcV5QHHpvR6mNcuvuCUiGr3QUaV/sWsTGFQDtOMCgYEAwYBc\nwkRZExUMMoJEr2yBcdYa//AgrkSnsjecdq7hTdLjHvtPiVm/LT8TCrnnjDM2rZoJ\nvxB932ieScJrmAx+cgIs3e1wN6UpZUXFSz2f1gpMia/h2VRABcnJ2JUglFHNNkgr\nKjlNqexBd6HCXYEQ0ZCR39Z46UhoGtujBOWYwt0CgYEAiIw9bxwhez1wHRsAc18O\ns7B43FMAIpg0g8UuyDAmajkiLY46lu/BTxuRL6MN5N1Ls9LK2oP4nxCipMEjxzVS\nhvBhW1JSXQCRJPLu2GzLPME3df+90XKlrFdWanlSqkEqKBd6JmsfBl6iiU1n3eDl\nB9UBZD9HzUgHDIECEHvUrZUCgYEAp0eg6RDNMIHxmXikiEL1ZMQDc17T4dPYZWlO\nCgwFGpJFZnM7vzGm5Cay/4LXeYyMqGeSJWrMZma68GjzOu8SIN1gjDrH2FMgBjza\n4sDTfOZKZH14cbkz380igenp0E8naNXa+xWu3kcwEYv1y3/YWlLwyOFQhdvio9Vc\niM8z0MECgYBcBin53dkFT8WF3GzGNnQB9u4/SD2IG6MoKl44DC/ruOSEq8ArDue3\nmE/trUG/8tkzllVQoTWeLdUn2Eunq6klYBW/DnGaNvaNEMvI066YS5pljTpGdN/b\nR5hPIc2N2Mo3gWgOvxTgFEKqOh8IxD0Mi6WIxK2FF3cQqllOf2x+Jg==\n-----END RSA PRIVATE KEY-----\n",
            "public_key_fingerprint_md5": "da:d0:7e:0e:a1:31:31:ee:a5:3a:d1:3f:d2:2b:0a:4b",
            "public_key_openssh": "ssh-rsa AAAAB3NzaC1yc2EAAAADAQABAAABAQCgtSjC1x2jJSYY7D8RMHvbbo7oIaGgi21iLIAvcSM179a68xzV/shAlRw4HlC3TCTKyLc+0H9PxxvFE8tl1BR8KRKHuCPhy1Ktz9192+ibeLsElp0SAaGXwXC69LVfr9WMwFa4roIoWvBHYjp5BuNbNyuYIsFAnEcM4CDu+4WbSQSamGme7kCXJdVZHx27KzSVT1cnHrmfuIDwVkxSIrsES7Zim9zcGSlxXXS72gkj04NvEtxBNjghOiN+QOsEiuvA78A31RHdNkNrj33de6Htfu0GpuCwVJRrSE2fURNMUu1HpkBmuUfYEnjWxuamFWnwTPIvK5Yg+d/teznMDy33\n",
            "public_key_pem": "-----BEGIN PUBLIC KEY-----\nMIIBIjANBgkqhkiG9w0BAQEFAAOCAQ8AMIIBCgKCAQEAoLUowtcdoyUmGOw/ETB7\n226O6CGhoIttYiyAL3EjNe/WuvMc1f7IQJUcOB5Qt0wkysi3PtB/T8cbxRPLZdQU\nfCkSh7gj4ctSrc/dfdvom3i7BJadEgGhl8FwuvS1X6/VjMBWuK6CKFrwR2I6eQbj\nWzcrmCLBQJxHDOAg7vuFm0kEmphpnu5AlyXVWR8duys0lU9XJx65n7iA8FZMUiK7\nBEu2Ypvc3BkpcV10u9oJI9ODbxLcQTY4ITojfkDrBIrrwO/AN9UR3TZDa4993Xuh\n7X7tBqbgsFSUa0hNn1ETTFLtR6ZAZrlH2BJ41sbmphVp8EzyLyuWIPnf7Xs5zA8t\n9wIDAQAB\n-----END PUBLIC KEY-----\n",
            "rsa_bits": 2048
          },
          "private": "bnVsbA=="
        }
      ]
    }
  ]
}
