{
  "version": 4,
  "terraform_version": "0.12.26",
  "serial": 150,
  "lineage": "6d4184b5-48f4-cafe-eea2-477b5dcb258c",
  "outputs": {},
  "resources": [
    {
      "mode": "managed",
      "type": "aws_cloudfront_distribution",
      "name": "s3_distribution",
      "provider": "provider.aws",
      "instances": [
        {
          "schema_version": 1,
          "attributes": {
            "active_trusted_signers": {
              "enabled": "false",
              "items.#": "0"
            },
            "aliases": null,
            "arn": "arn:aws:cloudfront::341317142259:distribution/EMSSIA50PA2NM",
            "cache_behavior": [],
            "caller_reference": "terraform-20200615040803381000000001",
            "comment": null,
            "custom_error_response": [],
            "default_cache_behavior": [
              {
                "allowed_methods": [
                  "DELETE",
                  "GET",
                  "HEAD",
                  "OPTIONS",
                  "PATCH",
                  "POST",
                  "PUT"
                ],
                "cached_methods": [
                  "GET",
                  "HEAD"
                ],
                "compress": false,
                "default_ttl": 3600,
                "field_level_encryption_id": "",
                "forwarded_values": [
                  {
                    "cookies": [
                      {
                        "forward": "none",
                        "whitelisted_names": null
                      }
                    ],
                    "headers": null,
                    "query_string": false,
                    "query_string_cache_keys": null
                  }
                ],
                "lambda_function_association": [],
                "max_ttl": 86400,
                "min_ttl": 0,
                "smooth_streaming": false,
                "target_origin_id": "myS3Origin",
                "trusted_signers": null,
                "viewer_protocol_policy": "allow-all"
              }
            ],
            "default_root_object": "",
            "domain_name": "d344ikbl8omkpn.cloudfront.net",
            "enabled": true,
            "etag": "E3TSULKNT2L6PB",
            "hosted_zone_id": "Z2FDTNDATAQYW2",
            "http_version": "http2",
            "id": "EMSSIA50PA2NM",
            "in_progress_validation_batches": 0,
            "is_ipv6_enabled": false,
            "last_modified_time": "2020-06-15 04:08:04.516 +0000 UTC",
            "logging_config": [],
            "ordered_cache_behavior": [],
            "origin": [
              {
                "custom_header": [],
                "custom_origin_config": [
                  {
                    "http_port": 80,
                    "https_port": 80,
                    "origin_keepalive_timeout": 5,
                    "origin_protocol_policy": "match-viewer",
                    "origin_read_timeout": 30,
                    "origin_ssl_protocols": [
                      "TLSv1",
                      "TLSv1.1",
                      "TLSv1.2"
                    ]
                  }
                ],
                "domain_name": "ankitjnyadav-tf-github-bucket.s3.ap-south-1.amazonaws.com",
                "origin_id": "myS3Origin",
                "origin_path": "",
                "s3_origin_config": []
              }
            ],
            "origin_group": [],
            "price_class": "PriceClass_All",
            "restrictions": [
              {
                "geo_restriction": [
                  {
                    "locations": null,
                    "restriction_type": "none"
                  }
                ]
              }
            ],
            "retain_on_delete": false,
            "status": "Deployed",
            "tags": null,
            "viewer_certificate": [
              {
                "acm_certificate_arn": "",
                "cloudfront_default_certificate": true,
                "iam_certificate_id": "",
                "minimum_protocol_version": "TLSv1",
                "ssl_support_method": ""
              }
            ],
            "wait_for_deployment": true,
            "web_acl_id": ""
          },
          "private": "eyJzY2hlbWFfdmVyc2lvbiI6IjEifQ==",
          "dependencies": [
            "aws_s3_bucket.Bucket_Provisioning"
          ]
        }
      ]
    },
    {
      "mode": "managed",
      "type": "aws_default_vpc",
      "name": "main",
      "provider": "provider.aws",
      "instances": [
        {
          "schema_version": 1,
          "attributes": {
            "arn": "arn:aws:ec2:ap-south-1:341317142259:vpc/vpc-a4edf0cc",
            "assign_generated_ipv6_cidr_block": false,
            "cidr_block": "172.31.0.0/16",
            "default_network_acl_id": "acl-803efaeb",
            "default_route_table_id": "rtb-978153fc",
            "default_security_group_id": "sg-be6c1cdc",
            "dhcp_options_id": "dopt-5170883a",
            "enable_classiclink": null,
            "enable_classiclink_dns_support": null,
            "enable_dns_hostnames": true,
            "enable_dns_support": true,
            "id": "vpc-a4edf0cc",
            "instance_tenancy": "default",
            "ipv6_association_id": "",
            "ipv6_cidr_block": "",
            "main_route_table_id": "rtb-978153fc",
            "owner_id": "341317142259",
            "tags": {
              "Name": "Default VPC"
            }
          },
          "private": "eyJzY2hlbWFfdmVyc2lvbiI6IjEifQ=="
        }
      ]
    },
    {
      "mode": "managed",
      "type": "aws_ebs_volume",
      "name": "Terra_EBS3",
      "provider": "provider.aws",
      "instances": [
        {
          "schema_version": 0,
          "attributes": {
            "arn": "arn:aws:ec2:ap-south-1:341317142259:volume/vol-01e95d8ef69c2f7fd",
            "availability_zone": "ap-south-1b",
            "encrypted": false,
            "id": "vol-01e95d8ef69c2f7fd",
            "iops": 100,
            "kms_key_id": "",
            "multi_attach_enabled": false,
            "outpost_arn": "",
            "size": 1,
            "snapshot_id": "",
            "tags": {
              "Name": "Terra_EBS_D3"
            },
            "type": "gp2"
          },
          "private": "bnVsbA==",
          "dependencies": [
            "aws_default_vpc.main",
            "aws_instance.TerraformAMI_Assignment1",
            "aws_key_pair.Tf_Public_Key",
            "aws_security_group.allow_http",
            "tls_private_key.Tf_Private_Key"
          ]
        }
      ]
    },
    {
      "mode": "managed",
      "type": "aws_instance",
      "name": "TerraformAMI_Assignment1",
      "provider": "provider.aws",
      "instances": [
        {
          "schema_version": 1,
          "attributes": {
            "ami": "ami-0447a12f28fddb066",
            "arn": "arn:aws:ec2:ap-south-1:341317142259:instance/i-026c76ab465c463ad",
            "associate_public_ip_address": true,
            "availability_zone": "ap-south-1b",
            "cpu_core_count": 1,
            "cpu_threads_per_core": 1,
            "credit_specification": [
              {
                "cpu_credits": "standard"
              }
            ],
            "disable_api_termination": false,
            "ebs_block_device": [],
            "ebs_optimized": false,
            "ephemeral_block_device": [],
            "get_password_data": false,
            "hibernation": false,
            "host_id": null,
            "iam_instance_profile": "",
            "id": "i-026c76ab465c463ad",
            "instance_initiated_shutdown_behavior": null,
            "instance_state": "running",
            "instance_type": "t2.micro",
            "ipv6_address_count": 0,
            "ipv6_addresses": [],
            "key_name": "Tf_Public_Key",
            "metadata_options": [
              {
                "http_endpoint": "enabled",
                "http_put_response_hop_limit": 1,
                "http_tokens": "optional"
              }
            ],
            "monitoring": false,
            "network_interface": [],
            "network_interface_id": null,
            "outpost_arn": "",
            "password_data": "",
            "placement_group": "",
            "primary_network_interface_id": "eni-05e871adba587abf1",
            "private_dns": "ip-172-31-4-40.ap-south-1.compute.internal",
            "private_ip": "172.31.4.40",
            "public_dns": "ec2-13-233-91-249.ap-south-1.compute.amazonaws.com",
            "public_ip": "13.233.91.249",
            "root_block_device": [
              {
                "delete_on_termination": true,
                "device_name": "/dev/xvda",
                "encrypted": false,
                "iops": 100,
                "kms_key_id": "",
                "volume_id": "vol-060630c721bb1180e",
                "volume_size": 8,
                "volume_type": "gp2"
              }
            ],
            "security_groups": [
              "Allow_HTTP"
            ],
            "source_dest_check": true,
            "subnet_id": "subnet-183f5454",
            "tags": {
              "Name": "TerraformAMI_Assignment1"
            },
            "tenancy": "default",
            "timeouts": null,
            "user_data": null,
            "user_data_base64": null,
            "volume_tags": {},
            "vpc_security_group_ids": [
              "sg-0c2c8646e5c667d22"
            ]
          },
          "private": "eyJlMmJmYjczMC1lY2FhLTExZTYtOGY4OC0zNDM2M2JjN2M0YzAiOnsiY3JlYXRlIjo2MDAwMDAwMDAwMDAsImRlbGV0ZSI6MTIwMDAwMDAwMDAwMCwidXBkYXRlIjo2MDAwMDAwMDAwMDB9LCJzY2hlbWFfdmVyc2lvbiI6IjEifQ==",
          "dependencies": [
            "aws_default_vpc.main",
            "aws_key_pair.Tf_Public_Key",
            "aws_security_group.allow_http",
            "tls_private_key.Tf_Private_Key"
          ]
        }
      ]
    },
    {
      "mode": "managed",
      "type": "aws_key_pair",
      "name": "Tf_Public_Key",
      "provider": "provider.aws",
      "instances": [
        {
          "schema_version": 1,
          "attributes": {
            "fingerprint": "9d:95:07:f7:14:5f:45:f5:9a:19:6a:24:cb:79:b3:71",
            "id": "Tf_Public_Key",
            "key_name": "Tf_Public_Key",
            "key_name_prefix": null,
            "key_pair_id": "key-0989f18f82ab42706",
            "public_key": "ssh-rsa AAAAB3NzaC1yc2EAAAADAQABAAABAQCnPHmvXpC8pIyCPuYVTrLO66t1PSxAR+8uAZqAbBJ5MzhUeyQ8OYo5TXbGk212teKJtdocrps6zlP2Jn4JYIbpD+hXsMJHh5N1zHUjh56LDq+0M8mkbWLpAiFHeNKOzMxohgdXCpTLjH2Zg2dajxJwh2Oi/tH/dU+5ydVcxy4CCryjFfMI5LeWXhJrNNG4xBbITZj0nAbbEq6wg3Pxn2sSCBgnoEzr9kSZB98M+cLJs2HzVU4nzVay3mu/yl215pIxOHWHR/9Ga8fsH8A9f3XSaCZClw6u8gE9EYNQP+w57xBAfLmxfhG9OufJtjhMmHcjf2jmtwlURBfpC+2MfFVp",
            "tags": null
          },
          "private": "eyJzY2hlbWFfdmVyc2lvbiI6IjEifQ==",
          "dependencies": [
            "tls_private_key.Tf_Private_Key"
          ]
        }
      ]
    },
    {
      "mode": "managed",
      "type": "aws_s3_bucket",
      "name": "Bucket_Provisioning",
      "provider": "provider.aws",
      "instances": [
        {
          "schema_version": 0,
          "attributes": {
            "acceleration_status": "",
            "acl": "public-read",
            "arn": "arn:aws:s3:::ankitjnyadav-tf-github-bucket",
            "bucket": "ankitjnyadav-tf-github-bucket",
            "bucket_domain_name": "ankitjnyadav-tf-github-bucket.s3.amazonaws.com",
            "bucket_prefix": null,
            "bucket_regional_domain_name": "ankitjnyadav-tf-github-bucket.s3.ap-south-1.amazonaws.com",
            "cors_rule": [],
            "force_destroy": false,
            "grant": [],
            "hosted_zone_id": "Z11RGJOFQNVJUP",
            "id": "ankitjnyadav-tf-github-bucket",
            "lifecycle_rule": [],
            "logging": [],
            "object_lock_configuration": [],
            "policy": null,
            "region": "ap-south-1",
            "replication_configuration": [],
            "request_payer": "BucketOwner",
            "server_side_encryption_configuration": [],
            "tags": {
              "Environment": "Dev",
              "Name": "ankitjnyadav-tf-github-bucket"
            },
            "versioning": [
              {
                "enabled": false,
                "mfa_delete": false
              }
            ],
            "website": [],
            "website_domain": null,
            "website_endpoint": null
          },
          "private": "bnVsbA=="
        }
      ]
    },
    {
      "mode": "managed",
      "type": "aws_security_group",
      "name": "allow_http",
      "provider": "provider.aws",
      "instances": [
        {
          "schema_version": 1,
          "attributes": {
            "arn": "arn:aws:ec2:ap-south-1:341317142259:security-group/sg-0c2c8646e5c667d22",
            "description": "Allow HTTP inbound traffic",
            "egress": [
              {
                "cidr_blocks": [
                  "0.0.0.0/0"
                ],
                "description": "",
                "from_port": 0,
                "ipv6_cidr_blocks": [],
                "prefix_list_ids": [],
                "protocol": "-1",
                "security_groups": [],
                "self": false,
                "to_port": 0
              }
            ],
            "id": "sg-0c2c8646e5c667d22",
            "ingress": [
              {
                "cidr_blocks": [
                  "0.0.0.0/0"
                ],
                "description": "HTTP",
                "from_port": 80,
                "ipv6_cidr_blocks": [],
                "prefix_list_ids": [],
                "protocol": "tcp",
                "security_groups": [],
                "self": false,
                "to_port": 80
              },
              {
                "cidr_blocks": [
                  "0.0.0.0/0"
                ],
                "description": "SSH",
                "from_port": 22,
                "ipv6_cidr_blocks": [],
                "prefix_list_ids": [],
                "protocol": "tcp",
                "security_groups": [],
                "self": false,
                "to_port": 22
              }
            ],
            "name": "Allow_HTTP",
            "name_prefix": null,
            "owner_id": "341317142259",
            "revoke_rules_on_delete": false,
            "tags": {
              "Name": "allow_http"
            },
            "timeouts": null,
            "vpc_id": "vpc-a4edf0cc"
          },
          "private": "eyJlMmJmYjczMC1lY2FhLTExZTYtOGY4OC0zNDM2M2JjN2M0YzAiOnsiY3JlYXRlIjo2MDAwMDAwMDAwMDAsImRlbGV0ZSI6NjAwMDAwMDAwMDAwfSwic2NoZW1hX3ZlcnNpb24iOiIxIn0=",
          "dependencies": [
            "aws_default_vpc.main"
          ]
        }
      ]
    },
    {
      "mode": "managed",
      "type": "aws_volume_attachment",
      "name": "ebs_att",
      "provider": "provider.aws",
      "instances": [
        {
          "schema_version": 0,
          "attributes": {
            "device_name": "/dev/sdh",
            "force_detach": true,
            "id": "vai-1980042418",
            "instance_id": "i-026c76ab465c463ad",
            "skip_destroy": null,
            "volume_id": "vol-01e95d8ef69c2f7fd"
          },
          "private": "bnVsbA==",
          "dependencies": [
            "aws_default_vpc.main",
            "aws_ebs_volume.Terra_EBS3",
            "aws_instance.TerraformAMI_Assignment1",
            "aws_key_pair.Tf_Public_Key",
            "aws_security_group.allow_http",
            "tls_private_key.Tf_Private_Key"
          ]
        }
      ]
    },
    {
      "mode": "managed",
      "type": "local_file",
      "name": "key-file",
      "provider": "provider.local",
      "instances": [
        {
          "schema_version": 0,
          "attributes": {
            "content": "-----BEGIN RSA PRIVATE KEY-----\nMIIEowIBAAKCAQEApzx5r16QvKSMgj7mFU6yzuurdT0sQEfvLgGagGwSeTM4VHsk\nPDmKOU12xpNtdrXiibXaHK6bOs5T9iZ+CWCG6Q/oV7DCR4eTdcx1I4eeiw6vtDPJ\npG1i6QIhR3jSjszMaIYHVwqUy4x9mYNnWo8ScIdjov7R/3VPucnVXMcuAgq8oxXz\nCOS3ll4SazTRuMQWyE2Y9JwG2xKusINz8Z9rEggYJ6BM6/ZEmQffDPnCybNh81VO\nJ81Wst5rv8pdteaSMTh1h0f/RmvH7B/APX910mgmQpcOrvIBPRGDUD/sOe8QQHy5\nsX4RvTrnybY4TJh3I39o5rcJVEQX6QvtjHxVaQIDAQABAoIBAEXp7F06RXv3tp4E\nuZ+SxQHoWEetCUDeUcmD9hlWFOsCVLxMtrtOutB15//gRlToeQplMgfnnxGYjFVN\nhkdZSU1JzzJJvQ62SRloHlh6K/eqbh4BwHyzFjSfJVaB1lTInXPdBFiJHedylleF\nLcIYKfdNQoQzz4riejALht1Aj6VeNj/kr6hTg1nEqonMVHnXNdq1N1ffKVd+WfaE\n6MsFWnN7bZRt4lwVMOn/1d7pbt/heKCsTbwA/Sw2zkbmJrd1WaFt6GdfACHmhjJs\nOR0xgt5o9JUWiwJbRTAWcHKTsBQOyOrHKu9wA7g3nEPXcKwT24Oi3q65aHNoXypj\n0b2J7QECgYEA3tPcD5pqaQbHz3pcRg8DlVq05vJwTtCVKIUPfT2x06XiaSW+GENa\nlaOxMP0GOJXquU5xN9/RViQ0w3NwvNhPYIcXBJSzOWBJGDQ2XLpmH9Yt2JxN0zGX\nXnBBVCOZ7wJXFhWdjRYnGY009uc8bpaH5A3M5B6M0s7RuKLhy1iJ8JkCgYEAwCH7\n+x4qqe5GvkrpV9KH8P5D2ogP3PrjnnSRqh9Eh9kT5uJhqm1yniDkY2+oECRYP6zT\nDxVoxWZtwmhNd2bUuMST51bwRYt57/nRjDzUATNp31Y8rGjoRdErv30KbaS9P+nN\nFmG3oQuuqnTlH8WIdWnrFS8YQxJXwX0KYeCQ/VECgYAztuO501Ki8WnqIzHLKKzi\nOt0FRHsAL7SOZONFY84jmrpDQPkvVGJvnEABaJfLBjAltajdGNrSrTB5tA8UJPe3\nJWMYMxKtXEVakrOTLceJ2AFn5k7Blx7UUiU3S9Pr/pULkRSxq9SDP5xtORlzaQg8\ny18kClsQieNugI76zJ+m8QKBgDAsVTGxbqEMzVAJGFicwNj756dzVgbiIRApyhwN\nmvE0zHinajWBG6vqM1l7NXhWpInSm1i81XgpJnwICuRVNCDfqPXoJnZJcllpGdE/\nryhd673DsZLI+vQGbiGlCGhVVd4gkPt7pL8MXs7+YDSHIp/N3tOA62RlxPsOjvvb\ngn8BAoGBAKb55uBbIQsdD7rUv4C2EW7apkcUz3BwQeemKJDpXygmjCABOT2fi1oD\nzMPut3vmC+rT2GEMIXf0b5WOcCtEeb2m2caadUpUn7GMPnn0lk92C5aLkB+PRYME\n+CcxW7VslrcxPDz0Z5BC8NbSFwzKnAoS9jW//s7747YLfvWI8H1F\n-----END RSA PRIVATE KEY-----\n",
            "content_base64": null,
            "directory_permission": "0777",
            "file_permission": "0777",
            "filename": "Tf_Private_Key.pem",
            "id": "0eaeb611a484d6dcd4708b05233de23ff64b23c0",
            "sensitive_content": null
          },
          "private": "bnVsbA==",
          "dependencies": [
            "tls_private_key.Tf_Private_Key"
          ]
        }
      ]
    },
    {
      "mode": "managed",
      "type": "null_resource",
      "name": "MyPublicIpRedirection",
      "provider": "provider.null",
      "instances": [
        {
          "schema_version": 0,
          "attributes": {
            "id": "5157726717321458557",
            "triggers": null
          },
          "private": "bnVsbA==",
          "dependencies": [
            "aws_default_vpc.main",
            "aws_instance.TerraformAMI_Assignment1",
            "aws_key_pair.Tf_Public_Key",
            "aws_security_group.allow_http",
            "tls_private_key.Tf_Private_Key"
          ]
        }
      ]
    },
    {
      "mode": "managed",
      "type": "null_resource",
      "name": "OpenTheWebSite",
      "provider": "provider.null",
      "instances": [
        {
          "schema_version": 0,
          "attributes": {
            "id": "913040307607782618",
            "triggers": null
          },
          "private": "bnVsbA==",
          "dependencies": [
            "aws_default_vpc.main",
            "aws_ebs_volume.Terra_EBS3",
            "aws_instance.TerraformAMI_Assignment1",
            "aws_key_pair.Tf_Public_Key",
            "aws_security_group.allow_http",
            "aws_volume_attachment.ebs_att",
            "null_resource.OpenTheWebSite1",
            "tls_private_key.Tf_Private_Key"
          ]
        }
      ]
    },
    {
      "mode": "managed",
      "type": "null_resource",
      "name": "OpenTheWebSite1",
      "provider": "provider.null",
      "instances": [
        {
          "schema_version": 0,
          "attributes": {
            "id": "2200271125257370727",
            "triggers": null
          },
          "private": "bnVsbA==",
          "dependencies": [
            "aws_default_vpc.main",
            "aws_ebs_volume.Terra_EBS3",
            "aws_instance.TerraformAMI_Assignment1",
            "aws_key_pair.Tf_Public_Key",
            "aws_security_group.allow_http",
            "aws_volume_attachment.ebs_att",
            "tls_private_key.Tf_Private_Key"
          ]
        }
      ]
    },
    {
      "mode": "managed",
      "type": "tls_private_key",
      "name": "Tf_Private_Key",
      "provider": "provider.tls",
      "instances": [
        {
          "schema_version": 0,
          "attributes": {
            "algorithm": "RSA",
            "ecdsa_curve": "P224",
            "id": "1b13eb7381ee6424e81c5b5ae3e4b8689b5b9da4",
            "private_key_pem": "-----BEGIN RSA PRIVATE KEY-----\nMIIEowIBAAKCAQEApzx5r16QvKSMgj7mFU6yzuurdT0sQEfvLgGagGwSeTM4VHsk\nPDmKOU12xpNtdrXiibXaHK6bOs5T9iZ+CWCG6Q/oV7DCR4eTdcx1I4eeiw6vtDPJ\npG1i6QIhR3jSjszMaIYHVwqUy4x9mYNnWo8ScIdjov7R/3VPucnVXMcuAgq8oxXz\nCOS3ll4SazTRuMQWyE2Y9JwG2xKusINz8Z9rEggYJ6BM6/ZEmQffDPnCybNh81VO\nJ81Wst5rv8pdteaSMTh1h0f/RmvH7B/APX910mgmQpcOrvIBPRGDUD/sOe8QQHy5\nsX4RvTrnybY4TJh3I39o5rcJVEQX6QvtjHxVaQIDAQABAoIBAEXp7F06RXv3tp4E\nuZ+SxQHoWEetCUDeUcmD9hlWFOsCVLxMtrtOutB15//gRlToeQplMgfnnxGYjFVN\nhkdZSU1JzzJJvQ62SRloHlh6K/eqbh4BwHyzFjSfJVaB1lTInXPdBFiJHedylleF\nLcIYKfdNQoQzz4riejALht1Aj6VeNj/kr6hTg1nEqonMVHnXNdq1N1ffKVd+WfaE\n6MsFWnN7bZRt4lwVMOn/1d7pbt/heKCsTbwA/Sw2zkbmJrd1WaFt6GdfACHmhjJs\nOR0xgt5o9JUWiwJbRTAWcHKTsBQOyOrHKu9wA7g3nEPXcKwT24Oi3q65aHNoXypj\n0b2J7QECgYEA3tPcD5pqaQbHz3pcRg8DlVq05vJwTtCVKIUPfT2x06XiaSW+GENa\nlaOxMP0GOJXquU5xN9/RViQ0w3NwvNhPYIcXBJSzOWBJGDQ2XLpmH9Yt2JxN0zGX\nXnBBVCOZ7wJXFhWdjRYnGY009uc8bpaH5A3M5B6M0s7RuKLhy1iJ8JkCgYEAwCH7\n+x4qqe5GvkrpV9KH8P5D2ogP3PrjnnSRqh9Eh9kT5uJhqm1yniDkY2+oECRYP6zT\nDxVoxWZtwmhNd2bUuMST51bwRYt57/nRjDzUATNp31Y8rGjoRdErv30KbaS9P+nN\nFmG3oQuuqnTlH8WIdWnrFS8YQxJXwX0KYeCQ/VECgYAztuO501Ki8WnqIzHLKKzi\nOt0FRHsAL7SOZONFY84jmrpDQPkvVGJvnEABaJfLBjAltajdGNrSrTB5tA8UJPe3\nJWMYMxKtXEVakrOTLceJ2AFn5k7Blx7UUiU3S9Pr/pULkRSxq9SDP5xtORlzaQg8\ny18kClsQieNugI76zJ+m8QKBgDAsVTGxbqEMzVAJGFicwNj756dzVgbiIRApyhwN\nmvE0zHinajWBG6vqM1l7NXhWpInSm1i81XgpJnwICuRVNCDfqPXoJnZJcllpGdE/\nryhd673DsZLI+vQGbiGlCGhVVd4gkPt7pL8MXs7+YDSHIp/N3tOA62RlxPsOjvvb\ngn8BAoGBAKb55uBbIQsdD7rUv4C2EW7apkcUz3BwQeemKJDpXygmjCABOT2fi1oD\nzMPut3vmC+rT2GEMIXf0b5WOcCtEeb2m2caadUpUn7GMPnn0lk92C5aLkB+PRYME\n+CcxW7VslrcxPDz0Z5BC8NbSFwzKnAoS9jW//s7747YLfvWI8H1F\n-----END RSA PRIVATE KEY-----\n",
            "public_key_fingerprint_md5": "cf:a7:a2:57:38:d1:e6:83:d1:7c:a1:61:5f:3d:61:aa",
            "public_key_openssh": "ssh-rsa AAAAB3NzaC1yc2EAAAADAQABAAABAQCnPHmvXpC8pIyCPuYVTrLO66t1PSxAR+8uAZqAbBJ5MzhUeyQ8OYo5TXbGk212teKJtdocrps6zlP2Jn4JYIbpD+hXsMJHh5N1zHUjh56LDq+0M8mkbWLpAiFHeNKOzMxohgdXCpTLjH2Zg2dajxJwh2Oi/tH/dU+5ydVcxy4CCryjFfMI5LeWXhJrNNG4xBbITZj0nAbbEq6wg3Pxn2sSCBgnoEzr9kSZB98M+cLJs2HzVU4nzVay3mu/yl215pIxOHWHR/9Ga8fsH8A9f3XSaCZClw6u8gE9EYNQP+w57xBAfLmxfhG9OufJtjhMmHcjf2jmtwlURBfpC+2MfFVp\n",
            "public_key_pem": "-----BEGIN PUBLIC KEY-----\nMIIBIjANBgkqhkiG9w0BAQEFAAOCAQ8AMIIBCgKCAQEApzx5r16QvKSMgj7mFU6y\nzuurdT0sQEfvLgGagGwSeTM4VHskPDmKOU12xpNtdrXiibXaHK6bOs5T9iZ+CWCG\n6Q/oV7DCR4eTdcx1I4eeiw6vtDPJpG1i6QIhR3jSjszMaIYHVwqUy4x9mYNnWo8S\ncIdjov7R/3VPucnVXMcuAgq8oxXzCOS3ll4SazTRuMQWyE2Y9JwG2xKusINz8Z9r\nEggYJ6BM6/ZEmQffDPnCybNh81VOJ81Wst5rv8pdteaSMTh1h0f/RmvH7B/APX91\n0mgmQpcOrvIBPRGDUD/sOe8QQHy5sX4RvTrnybY4TJh3I39o5rcJVEQX6QvtjHxV\naQIDAQAB\n-----END PUBLIC KEY-----\n",
            "rsa_bits": 2048
          },
          "private": "bnVsbA=="
        }
      ]
    }
  ]
}
