{
  "version": 4,
  "terraform_version": "0.12.26",
  "serial": 81,
  "lineage": "6d4184b5-48f4-cafe-eea2-477b5dcb258c",
  "outputs": {
    "myTest": {
      "value": [
        {
          "fingerprint": "2c:6e:fe:72:58:ba:72:06:95:15:52:4e:42:df:bc:bc",
          "id": "Terraform-Assignment1",
          "key_name": "Terraform-Assignment1",
          "key_name_prefix": null,
          "key_pair_id": "key-0f06678cef739e0b8",
          "public_key": "ssh-rsa AAAAB3NzaC1yc2EAAAADAQABAAABAQC4uR/K8XyuXuIdWLot9wHU3Rv97PBWF2aePLfv2tsgt8tLAe7QPM2l+ux26gIemZAoVYfOtj1pish4Xga9+FqonntTpt1pcvHFBpoH5giGSbB7C8zu4ooCkQS7f8aHZb76jpxB34Qp1Ck0PKlCoyP7uvsYNgy5KNOJ+s3R3r5TqGZO8kpu7WSsET37NXAll2/2Qv94mycZqnPuD1hSR6ZSgLPoNX5jK5myNCpaDxjTLGDInaDcje0tWH9fQB0R8S081kSaFagk7VK/PtBVq8TRoHxF5RLfxVDxfl7dwjRrMUDDWSqzMF/kCojFpYLYdhQsaTVFRO6Epw5BP3Kx5axx ay@Neelkanth",
          "tags": null
        },
        {
          "arn": "arn:aws:ec2:ap-south-1:341317142259:security-group/sg-044aed22367ccf9b6",
          "description": "Allow HTTP inbound traffic",
          "egress": [],
          "id": "sg-044aed22367ccf9b6",
          "ingress": [
            {
              "cidr_blocks": [],
              "description": "HTTP from VPC",
              "from_port": 80,
              "ipv6_cidr_blocks": [],
              "prefix_list_ids": [],
              "protocol": "http",
              "security_groups": [],
              "self": false,
              "to_port": 80
            }
          ],
          "name": "Allow_HTTP",
          "name_prefix": null,
          "owner_id": "341317142259",
          "revoke_rules_on_delete": false,
          "tags": {
            "Name": "allow_http"
          },
          "timeouts": null,
          "vpc_id": "vpc-a4edf0cc"
        }
      ],
      "type": [
        "tuple",
        [
          [
            "object",
            {
              "fingerprint": "string",
              "id": "string",
              "key_name": "string",
              "key_name_prefix": "string",
              "key_pair_id": "string",
              "public_key": "string",
              "tags": [
                "map",
                "string"
              ]
            }
          ],
          [
            "object",
            {
              "arn": "string",
              "description": "string",
              "egress": [
                "set",
                [
                  "object",
                  {
                    "cidr_blocks": [
                      "list",
                      "string"
                    ],
                    "description": "string",
                    "from_port": "number",
                    "ipv6_cidr_blocks": [
                      "list",
                      "string"
                    ],
                    "prefix_list_ids": [
                      "list",
                      "string"
                    ],
                    "protocol": "string",
                    "security_groups": [
                      "set",
                      "string"
                    ],
                    "self": "bool",
                    "to_port": "number"
                  }
                ]
              ],
              "id": "string",
              "ingress": [
                "set",
                [
                  "object",
                  {
                    "cidr_blocks": [
                      "list",
                      "string"
                    ],
                    "description": "string",
                    "from_port": "number",
                    "ipv6_cidr_blocks": [
                      "list",
                      "string"
                    ],
                    "prefix_list_ids": [
                      "list",
                      "string"
                    ],
                    "protocol": "string",
                    "security_groups": [
                      "set",
                      "string"
                    ],
                    "self": "bool",
                    "to_port": "number"
                  }
                ]
              ],
              "name": "string",
              "name_prefix": "string",
              "owner_id": "string",
              "revoke_rules_on_delete": "bool",
              "tags": [
                "map",
                "string"
              ],
              "timeouts": [
                "object",
                {
                  "create": "string",
                  "delete": "string"
                }
              ],
              "vpc_id": "string"
            }
          ]
        ]
      ]
    }
  },
  "resources": [
    {
      "mode": "managed",
      "type": "aws_default_vpc",
      "name": "main",
      "provider": "provider.aws",
      "instances": [
        {
          "schema_version": 1,
          "attributes": {
            "arn": "arn:aws:ec2:ap-south-1:341317142259:vpc/vpc-a4edf0cc",
            "assign_generated_ipv6_cidr_block": false,
            "cidr_block": "172.31.0.0/16",
            "default_network_acl_id": "acl-803efaeb",
            "default_route_table_id": "rtb-978153fc",
            "default_security_group_id": "sg-be6c1cdc",
            "dhcp_options_id": "dopt-5170883a",
            "enable_classiclink": null,
            "enable_classiclink_dns_support": null,
            "enable_dns_hostnames": true,
            "enable_dns_support": true,
            "id": "vpc-a4edf0cc",
            "instance_tenancy": "default",
            "ipv6_association_id": "",
            "ipv6_cidr_block": "",
            "main_route_table_id": "rtb-978153fc",
            "owner_id": "341317142259",
            "tags": {
              "Name": "Default VPC"
            }
          },
          "private": "eyJzY2hlbWFfdmVyc2lvbiI6IjEifQ=="
        }
      ]
    },
    {
      "mode": "managed",
      "type": "aws_key_pair",
      "name": "TfAssignment1Key",
      "provider": "provider.aws",
      "instances": [
        {
          "schema_version": 1,
          "attributes": {
            "fingerprint": "2c:6e:fe:72:58:ba:72:06:95:15:52:4e:42:df:bc:bc",
            "id": "Terraform-Assignment1",
            "key_name": "Terraform-Assignment1",
            "key_name_prefix": null,
            "key_pair_id": "key-0f06678cef739e0b8",
            "public_key": "ssh-rsa AAAAB3NzaC1yc2EAAAADAQABAAABAQC4uR/K8XyuXuIdWLot9wHU3Rv97PBWF2aePLfv2tsgt8tLAe7QPM2l+ux26gIemZAoVYfOtj1pish4Xga9+FqonntTpt1pcvHFBpoH5giGSbB7C8zu4ooCkQS7f8aHZb76jpxB34Qp1Ck0PKlCoyP7uvsYNgy5KNOJ+s3R3r5TqGZO8kpu7WSsET37NXAll2/2Qv94mycZqnPuD1hSR6ZSgLPoNX5jK5myNCpaDxjTLGDInaDcje0tWH9fQB0R8S081kSaFagk7VK/PtBVq8TRoHxF5RLfxVDxfl7dwjRrMUDDWSqzMF/kCojFpYLYdhQsaTVFRO6Epw5BP3Kx5axx ay@Neelkanth",
            "tags": null
          },
          "private": "eyJzY2hlbWFfdmVyc2lvbiI6IjEifQ=="
        }
      ]
    },
    {
      "mode": "managed",
      "type": "aws_security_group",
      "name": "allow_http",
      "provider": "provider.aws",
      "instances": [
        {
          "schema_version": 1,
          "attributes": {
            "arn": "arn:aws:ec2:ap-south-1:341317142259:security-group/sg-044aed22367ccf9b6",
            "description": "Allow HTTP inbound traffic",
            "egress": [],
            "id": "sg-044aed22367ccf9b6",
            "ingress": [
              {
                "cidr_blocks": [],
                "description": "HTTP from VPC",
                "from_port": 80,
                "ipv6_cidr_blocks": [],
                "prefix_list_ids": [],
                "protocol": "http",
                "security_groups": [],
                "self": false,
                "to_port": 80
              }
            ],
            "name": "Allow_HTTP",
            "name_prefix": null,
            "owner_id": "341317142259",
            "revoke_rules_on_delete": false,
            "tags": {
              "Name": "allow_http"
            },
            "timeouts": null,
            "vpc_id": "vpc-a4edf0cc"
          },
          "private": "eyJlMmJmYjczMC1lY2FhLTExZTYtOGY4OC0zNDM2M2JjN2M0YzAiOnsiY3JlYXRlIjo2MDAwMDAwMDAwMDAsImRlbGV0ZSI6NjAwMDAwMDAwMDAwfSwic2NoZW1hX3ZlcnNpb24iOiIxIn0=",
          "dependencies": [
            "aws_default_vpc.main"
          ]
        }
      ]
    }
  ]
}
