{
  "version": 4,
  "terraform_version": "0.12.26",
  "serial": 78,
  "lineage": "6d4184b5-48f4-cafe-eea2-477b5dcb258c",
  "outputs": {
    "myTest": {
      "value": [
        null,
        null
      ],
      "type": [
        "tuple",
        [
          "dynamic",
          "dynamic"
        ]
      ]
    }
  },
  "resources": [
    {
      "mode": "managed",
      "type": "aws_default_vpc",
      "name": "main",
      "provider": "provider.aws",
      "instances": [
        {
          "schema_version": 1,
          "attributes": {
            "arn": "arn:aws:ec2:ap-south-1:341317142259:vpc/vpc-a4edf0cc",
            "assign_generated_ipv6_cidr_block": false,
            "cidr_block": "172.31.0.0/16",
            "default_network_acl_id": "acl-803efaeb",
            "default_route_table_id": "rtb-978153fc",
            "default_security_group_id": "sg-be6c1cdc",
            "dhcp_options_id": "dopt-5170883a",
            "enable_classiclink": null,
            "enable_classiclink_dns_support": null,
            "enable_dns_hostnames": true,
            "enable_dns_support": true,
            "id": "vpc-a4edf0cc",
            "instance_tenancy": "default",
            "ipv6_association_id": "",
            "ipv6_cidr_block": "",
            "main_route_table_id": "rtb-978153fc",
            "owner_id": "341317142259",
            "tags": {
              "Name": "Default VPC"
            }
          },
          "private": "eyJzY2hlbWFfdmVyc2lvbiI6IjEifQ=="
        }
      ]
    },
    {
      "mode": "managed",
      "type": "aws_security_group",
      "name": "allow_http",
      "provider": "provider.aws",
      "instances": [
        {
          "schema_version": 1,
          "attributes": {
            "arn": "arn:aws:ec2:ap-south-1:341317142259:security-group/sg-044aed22367ccf9b6",
            "description": "Allow HTTP inbound traffic",
            "egress": [],
            "id": "sg-044aed22367ccf9b6",
            "ingress": [
              {
                "cidr_blocks": [],
                "description": "HTTP from VPC",
                "from_port": 80,
                "ipv6_cidr_blocks": [],
                "prefix_list_ids": [],
                "protocol": "http",
                "security_groups": [],
                "self": false,
                "to_port": 80
              }
            ],
            "name": "Allow_HTTP",
            "name_prefix": null,
            "owner_id": "341317142259",
            "revoke_rules_on_delete": false,
            "tags": {
              "Name": "allow_http"
            },
            "timeouts": null,
            "vpc_id": "vpc-a4edf0cc"
          },
          "private": "eyJlMmJmYjczMC1lY2FhLTExZTYtOGY4OC0zNDM2M2JjN2M0YzAiOnsiY3JlYXRlIjo2MDAwMDAwMDAwMDAsImRlbGV0ZSI6NjAwMDAwMDAwMDAwfSwic2NoZW1hX3ZlcnNpb24iOiIxIn0=",
          "dependencies": [
            "aws_default_vpc.main"
          ]
        }
      ]
    }
  ]
}
