{
  "version": 4,
  "terraform_version": "0.12.26",
  "serial": 53,
  "lineage": "6d4184b5-48f4-cafe-eea2-477b5dcb258c",
  "outputs": {},
  "resources": [
    {
      "mode": "managed",
      "type": "aws_ebs_volume",
      "name": "Terra_EBS3",
      "provider": "provider.aws",
      "instances": [
        {
          "schema_version": 0,
          "attributes": {
            "arn": "arn:aws:ec2:ap-south-1:341317142259:volume/vol-083db8478b2735644",
            "availability_zone": "ap-south-1a",
            "encrypted": false,
            "id": "vol-083db8478b2735644",
            "iops": 100,
            "kms_key_id": "",
            "multi_attach_enabled": false,
            "outpost_arn": "",
            "size": 1,
            "snapshot_id": "",
            "tags": {
              "Name": "Terra_EBS_D3"
            },
            "type": "gp2"
          },
          "private": "bnVsbA==",
          "dependencies": [
            "aws_instance.Day3_Instance"
          ]
        }
      ]
    },
    {
      "mode": "managed",
      "type": "aws_instance",
      "name": "Day3_Instance",
      "provider": "provider.aws",
      "instances": [
        {
          "schema_version": 1,
          "attributes": {
            "ami": "ami-0447a12f28fddb066",
            "arn": "arn:aws:ec2:ap-south-1:341317142259:instance/i-039babe4ff938feb7",
            "associate_public_ip_address": true,
            "availability_zone": "ap-south-1a",
            "cpu_core_count": 1,
            "cpu_threads_per_core": 1,
            "credit_specification": [
              {
                "cpu_credits": "standard"
              }
            ],
            "disable_api_termination": false,
            "ebs_block_device": [],
            "ebs_optimized": false,
            "ephemeral_block_device": [],
            "get_password_data": false,
            "hibernation": false,
            "host_id": null,
            "iam_instance_profile": "",
            "id": "i-039babe4ff938feb7",
            "instance_initiated_shutdown_behavior": null,
            "instance_state": "running",
            "instance_type": "t2.micro",
            "ipv6_address_count": 0,
            "ipv6_addresses": [],
            "key_name": "keycloudclass1",
            "metadata_options": [
              {
                "http_endpoint": "enabled",
                "http_put_response_hop_limit": 1,
                "http_tokens": "optional"
              }
            ],
            "monitoring": false,
            "network_interface": [],
            "network_interface_id": null,
            "outpost_arn": "",
            "password_data": "",
            "placement_group": "",
            "primary_network_interface_id": "eni-01d2b96a4a3bb0cb5",
            "private_dns": "ip-172-31-45-168.ap-south-1.compute.internal",
            "private_ip": "172.31.45.168",
            "public_dns": "ec2-13-126-21-229.ap-south-1.compute.amazonaws.com",
            "public_ip": "13.126.21.229",
            "root_block_device": [
              {
                "delete_on_termination": true,
                "device_name": "/dev/xvda",
                "encrypted": false,
                "iops": 100,
                "kms_key_id": "",
                "volume_id": "vol-00d48155dcffcdfdd",
                "volume_size": 8,
                "volume_type": "gp2"
              }
            ],
            "security_groups": [
              "launch-wizard-2"
            ],
            "source_dest_check": true,
            "subnet_id": "subnet-b1112bd9",
            "tags": {
              "Name": "TerraformAMI_D3"
            },
            "tenancy": "default",
            "timeouts": null,
            "user_data": null,
            "user_data_base64": null,
            "volume_tags": {},
            "vpc_security_group_ids": [
              "sg-0ed43458f59b03142"
            ]
          },
          "private": "eyJlMmJmYjczMC1lY2FhLTExZTYtOGY4OC0zNDM2M2JjN2M0YzAiOnsiY3JlYXRlIjo2MDAwMDAwMDAwMDAsImRlbGV0ZSI6MTIwMDAwMDAwMDAwMCwidXBkYXRlIjo2MDAwMDAwMDAwMDB9LCJzY2hlbWFfdmVyc2lvbiI6IjEifQ=="
        }
      ]
    },
    {
      "mode": "managed",
      "type": "aws_volume_attachment",
      "name": "ebs_att",
      "provider": "provider.aws",
      "instances": [
        {
          "schema_version": 0,
          "attributes": {
            "device_name": "/dev/sdh",
            "force_detach": true,
            "id": "vai-2966597420",
            "instance_id": "i-039babe4ff938feb7",
            "skip_destroy": null,
            "volume_id": "vol-083db8478b2735644"
          },
          "private": "bnVsbA==",
          "dependencies": [
            "aws_ebs_volume.Terra_EBS3",
            "aws_instance.Day3_Instance"
          ]
        }
      ]
    },
    {
      "mode": "managed",
      "type": "null_resource",
      "name": "MyPublicIpRedirection",
      "provider": "provider.null",
      "instances": [
        {
          "schema_version": 0,
          "attributes": {
            "id": "4334376740736300929",
            "triggers": null
          },
          "private": "bnVsbA==",
          "dependencies": [
            "aws_instance.Day3_Instance"
          ]
        }
      ]
    },
    {
      "mode": "managed",
      "type": "null_resource",
      "name": "OpenTheWebSite",
      "provider": "provider.null",
      "instances": [
        {
          "schema_version": 0,
          "attributes": {
            "id": "7708379921512529084",
            "triggers": null
          },
          "private": "bnVsbA==",
          "dependencies": [
            "aws_ebs_volume.Terra_EBS3",
            "aws_instance.Day3_Instance",
            "aws_volume_attachment.ebs_att",
            "null_resource.OpenTheWebSite1"
          ]
        }
      ]
    },
    {
      "mode": "managed",
      "type": "null_resource",
      "name": "OpenTheWebSite1",
      "provider": "provider.null",
      "instances": [
        {
          "schema_version": 0,
          "attributes": {
            "id": "4190367506790303261",
            "triggers": null
          },
          "private": "bnVsbA==",
          "dependencies": [
            "aws_ebs_volume.Terra_EBS3",
            "aws_instance.Day3_Instance",
            "aws_volume_attachment.ebs_att"
          ]
        }
      ]
    }
  ]
}
